{
  "name": "rest-ts-axios",
  "version": "0.3.4",
  "lockfileVersion": 1,
  "requires": true,
  "dependencies": {
    "@senhung/http-exceptions": {
      "version": "1.1.1",
      "resolved": "https://registry.npmjs.org/@senhung/http-exceptions/-/http-exceptions-1.1.1.tgz",
      "integrity": "sha512-q9RyskszpPznOZIZCjVS6RpvJ8s+ZmTFuk7iSxCeHRguIljP/PZtsmr7o+nOTK3D3/f/nATT5VgVSrw60+Ykog=="
    }
  }
}
