{
  "name": "rest-ts-core",
  "version": "0.6.1",
  "lockfileVersion": 1,
  "requires": true,
  "dependencies": {
    "runtypes": {
      "version": "4.0.3",
      "resolved": "https://registry.npmjs.org/runtypes/-/runtypes-4.0.3.tgz",
      "integrity": "sha512-ss4Smt9GVqz7TP1hPNZ5Kdz0poUVO04IMzSpk4iaKOvFPOpcDleQUb8yGpzdsA2rzwZXy2ztU2PA10qhcNMwZw=="
    }
  }
}
