{
  "name": "rest-ts-core",
  "version": "0.3.1",
  "lockfileVersion": 1,
  "requires": true,
  "dependencies": {
    "reflect-metadata": {
      "version": "0.1.12",
      "resolved": "https://registry.npmjs.org/reflect-metadata/-/reflect-metadata-0.1.12.tgz",
      "integrity": "sha512-n+IyV+nGz3+0q3/Yf1ra12KpCyi001bi4XFxSjbiWWjfqb52iTTtpGXmCCAOWWIAn9KEuFZKGqBERHmrtScZ3A=="
    },
    "runtypes": {
      "version": "2.2.0",
      "resolved": "https://registry.npmjs.org/runtypes/-/runtypes-2.2.0.tgz",
      "integrity": "sha512-pjEAAu0badevgm5kjCIvqgb4RKDuu4J6IdAmWt0yX/0xe1PghRInfO5I4iTKs29CJTtYACvnzmNsMu5saI39Gg==",
      "requires": {
        "reflect-metadata": "^0.1.12"
      }
    }
  }
}
